
Microsoft Visual Studio Solution File, Format Version 12.00
# Visual Studio Version 17
VisualStudioVersion = 17.5.002.0
MinimumVisualStudioVersion = 10.0.40219.1
Project("{9A19103F-16F7-4668-BE54-9A1E7A4F7556}") = "AmeliyatDefteri", "AmeliyatDefteri.csproj", "{1BE29F59-E7A5-4C67-A24E-37E840B98066}"
EndProject
Global
	GlobalSection(SolutionConfigurationPlatforms) = preSolution
		Debug|Any CPU = Debug|Any CPU
		Release|Any CPU = Release|Any CPU
	EndGlobalSection
	GlobalSection(ProjectConfigurationPlatforms) = postSolution
		{1BE29F59-E7A5-4C67-A24E-37E840B98066}.Debug|Any CPU.ActiveCfg = Debug|Any CPU
		{1BE29F59-E7A5-4C67-A24E-37E840B98066}.Debug|Any CPU.Build.0 = Debug|Any CPU
		{1BE29F59-E7A5-4C67-A24E-37E840B98066}.Release|Any CPU.ActiveCfg = Release|Any CPU
		{1BE29F59-E7A5-4C67-A24E-37E840B98066}.Release|Any CPU.Build.0 = Release|Any CPU
	EndGlobalSection
	GlobalSection(SolutionProperties) = preSolution
		HideSolutionNode = FALSE
	EndGlobalSection
	GlobalSection(ExtensibilityGlobals) = postSolution
		SolutionGuid = {C16F1362-8953-411F-9351-AB7BFF0FD397}
	EndGlobalSection
EndGlobal
